Microsoft Visual Studio Solution File, Format Version 12.00
# Visual Studio 2013
Project("{8BC9CEB8-8B4A-11D0-8D11-00A0C91BC942}") = "ALL_BUILD", "ALL_BUILD.vcxproj", "{7F022151-856C-3691-8B3E-6CBC7AEAF5DF}"
	ProjectSection(ProjectDependencies) = postProject
		{27BDF4B2-CD21-3FC6-88B3-47B5FA787073} = {27BDF4B2-CD21-3FC6-88B3-47B5FA787073}
		{358A977B-F40D-3C27-A24B-31900D363785} = {358A977B-F40D-3C27-A24B-31900D363785}
		{99CBC0FB-282E-39D1-B1B9-3E0BE04C1951} = {99CBC0FB-282E-39D1-B1B9-3E0BE04C1951}
		{48A38212-306F-3DAD-9A38-997CD7700A1F} = {48A38212-306F-3DAD-9A38-997CD7700A1F}
		{CDE96670-2DE1-387A-AFD7-DDCB52C0489F} = {CDE96670-2DE1-387A-AFD7-DDCB52C0489F}
		{04B728DB-53D3-30BA-836F-91F46BEBD661} = {04B728DB-53D3-30BA-836F-91F46BEBD661}
		{BD3109DD-C8D0-31BD-BAB5-9103148D8230} = {BD3109DD-C8D0-31BD-BAB5-9103148D8230}
		{E348DA23-31A7-36F4-95A3-F857E45B8F79} = {E348DA23-31A7-36F4-95A3-F857E45B8F79}
		{44A493B0-5384-33BC-B337-91AE5444206E} = {44A493B0-5384-33BC-B337-91AE5444206E}
	EndProjectSection
EndProject
Project("{8BC9CEB8-8B4A-11D0-8D11-00A0C91BC942}") = "INSTALL", "INSTALL.vcxproj", "{4B8CBDF0-9EA4-3F97-817A-8492732F8678}"
	ProjectSection(ProjectDependencies) = postProject
		{7F022151-856C-3691-8B3E-6CBC7AEAF5DF} = {7F022151-856C-3691-8B3E-6CBC7AEAF5DF}
		{27BDF4B2-CD21-3FC6-88B3-47B5FA787073} = {27BDF4B2-CD21-3FC6-88B3-47B5FA787073}
	EndProjectSection
EndProject
Project("{8BC9CEB8-8B4A-11D0-8D11-00A0C91BC942}") = "PACKAGE", "PACKAGE.vcxproj", "{A0054CD5-D094-3AF1-A64B-45A16957396F}"
	ProjectSection(ProjectDependencies) = postProject
		{7F022151-856C-3691-8B3E-6CBC7AEAF5DF} = {7F022151-856C-3691-8B3E-6CBC7AEAF5DF}
		{27BDF4B2-CD21-3FC6-88B3-47B5FA787073} = {27BDF4B2-CD21-3FC6-88B3-47B5FA787073}
	EndProjectSection
EndProject
Project("{8BC9CEB8-8B4A-11D0-8D11-00A0C91BC942}") = "ZERO_CHECK", "ZERO_CHECK.vcxproj", "{27BDF4B2-CD21-3FC6-88B3-47B5FA787073}"
	ProjectSection(ProjectDependencies) = postProject
	EndProjectSection
EndProject
Project("{8BC9CEB8-8B4A-11D0-8D11-00A0C91BC942}") = "dist", "dist.vcxproj", "{CEF46675-2973-31FF-A8BC-C709420E9DE7}"
	ProjectSection(ProjectDependencies) = postProject
		{27BDF4B2-CD21-3FC6-88B3-47B5FA787073} = {27BDF4B2-CD21-3FC6-88B3-47B5FA787073}
	EndProjectSection
EndProject
Project("{8BC9CEB8-8B4A-11D0-8D11-00A0C91BC942}") = "test-client", "test-client.vcxproj", "{358A977B-F40D-3C27-A24B-31900D363785}"
	ProjectSection(ProjectDependencies) = postProject
		{27BDF4B2-CD21-3FC6-88B3-47B5FA787073} = {27BDF4B2-CD21-3FC6-88B3-47B5FA787073}
		{E348DA23-31A7-36F4-95A3-F857E45B8F79} = {E348DA23-31A7-36F4-95A3-F857E45B8F79}
	EndProjectSection
EndProject
Project("{8BC9CEB8-8B4A-11D0-8D11-00A0C91BC942}") = "test-echo", "test-echo.vcxproj", "{99CBC0FB-282E-39D1-B1B9-3E0BE04C1951}"
	ProjectSection(ProjectDependencies) = postProject
		{27BDF4B2-CD21-3FC6-88B3-47B5FA787073} = {27BDF4B2-CD21-3FC6-88B3-47B5FA787073}
		{E348DA23-31A7-36F4-95A3-F857E45B8F79} = {E348DA23-31A7-36F4-95A3-F857E45B8F79}
	EndProjectSection
EndProject
Project("{8BC9CEB8-8B4A-11D0-8D11-00A0C91BC942}") = "test-fraggle", "test-fraggle.vcxproj", "{48A38212-306F-3DAD-9A38-997CD7700A1F}"
	ProjectSection(ProjectDependencies) = postProject
		{27BDF4B2-CD21-3FC6-88B3-47B5FA787073} = {27BDF4B2-CD21-3FC6-88B3-47B5FA787073}
		{E348DA23-31A7-36F4-95A3-F857E45B8F79} = {E348DA23-31A7-36F4-95A3-F857E45B8F79}
	EndProjectSection
EndProject
Project("{8BC9CEB8-8B4A-11D0-8D11-00A0C91BC942}") = "test-ping", "test-ping.vcxproj", "{CDE96670-2DE1-387A-AFD7-DDCB52C0489F}"
	ProjectSection(ProjectDependencies) = postProject
		{27BDF4B2-CD21-3FC6-88B3-47B5FA787073} = {27BDF4B2-CD21-3FC6-88B3-47B5FA787073}
		{E348DA23-31A7-36F4-95A3-F857E45B8F79} = {E348DA23-31A7-36F4-95A3-F857E45B8F79}
	EndProjectSection
EndProject
Project("{8BC9CEB8-8B4A-11D0-8D11-00A0C91BC942}") = "test-server", "test-server.vcxproj", "{04B728DB-53D3-30BA-836F-91F46BEBD661}"
	ProjectSection(ProjectDependencies) = postProject
		{27BDF4B2-CD21-3FC6-88B3-47B5FA787073} = {27BDF4B2-CD21-3FC6-88B3-47B5FA787073}
		{E348DA23-31A7-36F4-95A3-F857E45B8F79} = {E348DA23-31A7-36F4-95A3-F857E45B8F79}
	EndProjectSection
EndProject
Project("{8BC9CEB8-8B4A-11D0-8D11-00A0C91BC942}") = "test-server-extpoll", "test-server-extpoll.vcxproj", "{BD3109DD-C8D0-31BD-BAB5-9103148D8230}"
	ProjectSection(ProjectDependencies) = postProject
		{27BDF4B2-CD21-3FC6-88B3-47B5FA787073} = {27BDF4B2-CD21-3FC6-88B3-47B5FA787073}
		{E348DA23-31A7-36F4-95A3-F857E45B8F79} = {E348DA23-31A7-36F4-95A3-F857E45B8F79}
	EndProjectSection
EndProject
Project("{8BC9CEB8-8B4A-11D0-8D11-00A0C91BC942}") = "websockets", "websockets.vcxproj", "{E348DA23-31A7-36F4-95A3-F857E45B8F79}"
	ProjectSection(ProjectDependencies) = postProject
		{27BDF4B2-CD21-3FC6-88B3-47B5FA787073} = {27BDF4B2-CD21-3FC6-88B3-47B5FA787073}
	EndProjectSection
EndProject
Project("{8BC9CEB8-8B4A-11D0-8D11-00A0C91BC942}") = "websockets_shared", "websockets_shared.vcxproj", "{44A493B0-5384-33BC-B337-91AE5444206E}"
	ProjectSection(ProjectDependencies) = postProject
		{27BDF4B2-CD21-3FC6-88B3-47B5FA787073} = {27BDF4B2-CD21-3FC6-88B3-47B5FA787073}
	EndProjectSection
EndProject
Global
	GlobalSection(SolutionConfigurationPlatforms) = preSolution
		Debug|Win32 = Debug|Win32
		Release|Win32 = Release|Win32
		MinSizeRel|Win32 = MinSizeRel|Win32
		RelWithDebInfo|Win32 = RelWithDebInfo|Win32
	EndGlobalSection
	GlobalSection(ProjectConfigurationPlatforms) = postSolution
		{7F022151-856C-3691-8B3E-6CBC7AEAF5DF}.Debug|Win32.ActiveCfg = Debug|Win32
		{7F022151-856C-3691-8B3E-6CBC7AEAF5DF}.Debug|Win32.Build.0 = Debug|Win32
		{7F022151-856C-3691-8B3E-6CBC7AEAF5DF}.Release|Win32.ActiveCfg = Release|Win32
		{7F022151-856C-3691-8B3E-6CBC7AEAF5DF}.Release|Win32.Build.0 = Release|Win32
		{7F022151-856C-3691-8B3E-6CBC7AEAF5DF}.MinSizeRel|Win32.ActiveCfg = MinSizeRel|Win32
		{7F022151-856C-3691-8B3E-6CBC7AEAF5DF}.MinSizeRel|Win32.Build.0 = MinSizeRel|Win32
		{7F022151-856C-3691-8B3E-6CBC7AEAF5DF}.RelWithDebInfo|Win32.ActiveCfg = RelWithDebInfo|Win32
		{7F022151-856C-3691-8B3E-6CBC7AEAF5DF}.RelWithDebInfo|Win32.Build.0 = RelWithDebInfo|Win32
		{4B8CBDF0-9EA4-3F97-817A-8492732F8678}.Debug|Win32.ActiveCfg = Debug|Win32
		{4B8CBDF0-9EA4-3F97-817A-8492732F8678}.Release|Win32.ActiveCfg = Release|Win32
		{4B8CBDF0-9EA4-3F97-817A-8492732F8678}.MinSizeRel|Win32.ActiveCfg = MinSizeRel|Win32
		{4B8CBDF0-9EA4-3F97-817A-8492732F8678}.RelWithDebInfo|Win32.ActiveCfg = RelWithDebInfo|Win32
		{A0054CD5-D094-3AF1-A64B-45A16957396F}.Debug|Win32.ActiveCfg = Debug|Win32
		{A0054CD5-D094-3AF1-A64B-45A16957396F}.Release|Win32.ActiveCfg = Release|Win32
		{A0054CD5-D094-3AF1-A64B-45A16957396F}.MinSizeRel|Win32.ActiveCfg = MinSizeRel|Win32
		{A0054CD5-D094-3AF1-A64B-45A16957396F}.RelWithDebInfo|Win32.ActiveCfg = RelWithDebInfo|Win32
		{27BDF4B2-CD21-3FC6-88B3-47B5FA787073}.Debug|Win32.ActiveCfg = Debug|Win32
		{27BDF4B2-CD21-3FC6-88B3-47B5FA787073}.Debug|Win32.Build.0 = Debug|Win32
		{27BDF4B2-CD21-3FC6-88B3-47B5FA787073}.Release|Win32.ActiveCfg = Release|Win32
		{27BDF4B2-CD21-3FC6-88B3-47B5FA787073}.Release|Win32.Build.0 = Release|Win32
		{27BDF4B2-CD21-3FC6-88B3-47B5FA787073}.MinSizeRel|Win32.ActiveCfg = MinSizeRel|Win32
		{27BDF4B2-CD21-3FC6-88B3-47B5FA787073}.MinSizeRel|Win32.Build.0 = MinSizeRel|Win32
		{27BDF4B2-CD21-3FC6-88B3-47B5FA787073}.RelWithDebInfo|Win32.ActiveCfg = RelWithDebInfo|Win32
		{27BDF4B2-CD21-3FC6-88B3-47B5FA787073}.RelWithDebInfo|Win32.Build.0 = RelWithDebInfo|Win32
		{CEF46675-2973-31FF-A8BC-C709420E9DE7}.Debug|Win32.ActiveCfg = Debug|Win32
		{CEF46675-2973-31FF-A8BC-C709420E9DE7}.Release|Win32.ActiveCfg = Release|Win32
		{CEF46675-2973-31FF-A8BC-C709420E9DE7}.MinSizeRel|Win32.ActiveCfg = MinSizeRel|Win32
		{CEF46675-2973-31FF-A8BC-C709420E9DE7}.RelWithDebInfo|Win32.ActiveCfg = RelWithDebInfo|Win32
		{358A977B-F40D-3C27-A24B-31900D363785}.Debug|Win32.ActiveCfg = Debug|Win32
		{358A977B-F40D-3C27-A24B-31900D363785}.Debug|Win32.Build.0 = Debug|Win32
		{358A977B-F40D-3C27-A24B-31900D363785}.Release|Win32.ActiveCfg = Release|Win32
		{358A977B-F40D-3C27-A24B-31900D363785}.Release|Win32.Build.0 = Release|Win32
		{358A977B-F40D-3C27-A24B-31900D363785}.MinSizeRel|Win32.ActiveCfg = MinSizeRel|Win32
		{358A977B-F40D-3C27-A24B-31900D363785}.MinSizeRel|Win32.Build.0 = MinSizeRel|Win32
		{358A977B-F40D-3C27-A24B-31900D363785}.RelWithDebInfo|Win32.ActiveCfg = RelWithDebInfo|Win32
		{358A977B-F40D-3C27-A24B-31900D363785}.RelWithDebInfo|Win32.Build.0 = RelWithDebInfo|Win32
		{99CBC0FB-282E-39D1-B1B9-3E0BE04C1951}.Debug|Win32.ActiveCfg = Debug|Win32
		{99CBC0FB-282E-39D1-B1B9-3E0BE04C1951}.Debug|Win32.Build.0 = Debug|Win32
		{99CBC0FB-282E-39D1-B1B9-3E0BE04C1951}.Release|Win32.ActiveCfg = Release|Win32
		{99CBC0FB-282E-39D1-B1B9-3E0BE04C1951}.Release|Win32.Build.0 = Release|Win32
		{99CBC0FB-282E-39D1-B1B9-3E0BE04C1951}.MinSizeRel|Win32.ActiveCfg = MinSizeRel|Win32
		{99CBC0FB-282E-39D1-B1B9-3E0BE04C1951}.MinSizeRel|Win32.Build.0 = MinSizeRel|Win32
		{99CBC0FB-282E-39D1-B1B9-3E0BE04C1951}.RelWithDebInfo|Win32.ActiveCfg = RelWithDebInfo|Win32
		{99CBC0FB-282E-39D1-B1B9-3E0BE04C1951}.RelWithDebInfo|Win32.Build.0 = RelWithDebInfo|Win32
		{48A38212-306F-3DAD-9A38-997CD7700A1F}.Debug|Win32.ActiveCfg = Debug|Win32
		{48A38212-306F-3DAD-9A38-997CD7700A1F}.Debug|Win32.Build.0 = Debug|Win32
		{48A38212-306F-3DAD-9A38-997CD7700A1F}.Release|Win32.ActiveCfg = Release|Win32
		{48A38212-306F-3DAD-9A38-997CD7700A1F}.Release|Win32.Build.0 = Release|Win32
		{48A38212-306F-3DAD-9A38-997CD7700A1F}.MinSizeRel|Win32.ActiveCfg = MinSizeRel|Win32
		{48A38212-306F-3DAD-9A38-997CD7700A1F}.MinSizeRel|Win32.Build.0 = MinSizeRel|Win32
		{48A38212-306F-3DAD-9A38-997CD7700A1F}.RelWithDebInfo|Win32.ActiveCfg = RelWithDebInfo|Win32
		{48A38212-306F-3DAD-9A38-997CD7700A1F}.RelWithDebInfo|Win32.Build.0 = RelWithDebInfo|Win32
		{CDE96670-2DE1-387A-AFD7-DDCB52C0489F}.Debug|Win32.ActiveCfg = Debug|Win32
		{CDE96670-2DE1-387A-AFD7-DDCB52C0489F}.Debug|Win32.Build.0 = Debug|Win32
		{CDE96670-2DE1-387A-AFD7-DDCB52C0489F}.Release|Win32.ActiveCfg = Release|Win32
		{CDE96670-2DE1-387A-AFD7-DDCB52C0489F}.Release|Win32.Build.0 = Release|Win32
		{CDE96670-2DE1-387A-AFD7-DDCB52C0489F}.MinSizeRel|Win32.ActiveCfg = MinSizeRel|Win32
		{CDE96670-2DE1-387A-AFD7-DDCB52C0489F}.MinSizeRel|Win32.Build.0 = MinSizeRel|Win32
		{CDE96670-2DE1-387A-AFD7-DDCB52C0489F}.RelWithDebInfo|Win32.ActiveCfg = RelWithDebInfo|Win32
		{CDE96670-2DE1-387A-AFD7-DDCB52C0489F}.RelWithDebInfo|Win32.Build.0 = RelWithDebInfo|Win32
		{04B728DB-53D3-30BA-836F-91F46BEBD661}.Debug|Win32.ActiveCfg = Debug|Win32
		{04B728DB-53D3-30BA-836F-91F46BEBD661}.Debug|Win32.Build.0 = Debug|Win32
		{04B728DB-53D3-30BA-836F-91F46BEBD661}.Release|Win32.ActiveCfg = Release|Win32
		{04B728DB-53D3-30BA-836F-91F46BEBD661}.Release|Win32.Build.0 = Release|Win32
		{04B728DB-53D3-30BA-836F-91F46BEBD661}.MinSizeRel|Win32.ActiveCfg = MinSizeRel|Win32
		{04B728DB-53D3-30BA-836F-91F46BEBD661}.MinSizeRel|Win32.Build.0 = MinSizeRel|Win32
		{04B728DB-53D3-30BA-836F-91F46BEBD661}.RelWithDebInfo|Win32.ActiveCfg = RelWithDebInfo|Win32
		{04B728DB-53D3-30BA-836F-91F46BEBD661}.RelWithDebInfo|Win32.Build.0 = RelWithDebInfo|Win32
		{BD3109DD-C8D0-31BD-BAB5-9103148D8230}.Debug|Win32.ActiveCfg = Debug|Win32
		{BD3109DD-C8D0-31BD-BAB5-9103148D8230}.Debug|Win32.Build.0 = Debug|Win32
		{BD3109DD-C8D0-31BD-BAB5-9103148D8230}.Release|Win32.ActiveCfg = Release|Win32
		{BD3109DD-C8D0-31BD-BAB5-9103148D8230}.Release|Win32.Build.0 = Release|Win32
		{BD3109DD-C8D0-31BD-BAB5-9103148D8230}.MinSizeRel|Win32.ActiveCfg = MinSizeRel|Win32
		{BD3109DD-C8D0-31BD-BAB5-9103148D8230}.MinSizeRel|Win32.Build.0 = MinSizeRel|Win32
		{BD3109DD-C8D0-31BD-BAB5-9103148D8230}.RelWithDebInfo|Win32.ActiveCfg = RelWithDebInfo|Win32
		{BD3109DD-C8D0-31BD-BAB5-9103148D8230}.RelWithDebInfo|Win32.Build.0 = RelWithDebInfo|Win32
		{E348DA23-31A7-36F4-95A3-F857E45B8F79}.Debug|Win32.ActiveCfg = Debug|Win32
		{E348DA23-31A7-36F4-95A3-F857E45B8F79}.Debug|Win32.Build.0 = Debug|Win32
		{E348DA23-31A7-36F4-95A3-F857E45B8F79}.Release|Win32.ActiveCfg = Release|Win32
		{E348DA23-31A7-36F4-95A3-F857E45B8F79}.Release|Win32.Build.0 = Release|Win32
		{E348DA23-31A7-36F4-95A3-F857E45B8F79}.MinSizeRel|Win32.ActiveCfg = MinSizeRel|Win32
		{E348DA23-31A7-36F4-95A3-F857E45B8F79}.MinSizeRel|Win32.Build.0 = MinSizeRel|Win32
		{E348DA23-31A7-36F4-95A3-F857E45B8F79}.RelWithDebInfo|Win32.ActiveCfg = RelWithDebInfo|Win32
		{E348DA23-31A7-36F4-95A3-F857E45B8F79}.RelWithDebInfo|Win32.Build.0 = RelWithDebInfo|Win32
		{44A493B0-5384-33BC-B337-91AE5444206E}.Debug|Win32.ActiveCfg = Debug|Win32
		{44A493B0-5384-33BC-B337-91AE5444206E}.Debug|Win32.Build.0 = Debug|Win32
		{44A493B0-5384-33BC-B337-91AE5444206E}.Release|Win32.ActiveCfg = Release|Win32
		{44A493B0-5384-33BC-B337-91AE5444206E}.Release|Win32.Build.0 = Release|Win32
		{44A493B0-5384-33BC-B337-91AE5444206E}.MinSizeRel|Win32.ActiveCfg = MinSizeRel|Win32
		{44A493B0-5384-33BC-B337-91AE5444206E}.MinSizeRel|Win32.Build.0 = MinSizeRel|Win32
		{44A493B0-5384-33BC-B337-91AE5444206E}.RelWithDebInfo|Win32.ActiveCfg = RelWithDebInfo|Win32
		{44A493B0-5384-33BC-B337-91AE5444206E}.RelWithDebInfo|Win32.Build.0 = RelWithDebInfo|Win32
	EndGlobalSection
	GlobalSection(ExtensibilityGlobals) = postSolution
		SolutionGuid = {18364B3D-1C9D-308E-BDFA-51A8C67C4E7A}
	EndGlobalSection
	GlobalSection(ExtensibilityAddIns) = postSolution
	EndGlobalSection
EndGlobal
